
Microsoft Visual Studio Solution File, Format Version 12.00
# Visual Studio Version 17
VisualStudioVersion = 17.2.32516.85
MinimumVisualStudioVersion = 10.0.40219.1
Project("{FAE04EC0-301F-11D3-BF4B-00C04F79EFBC}") = "MenuStripBug", "MenuStripBug\MenuStripBug.csproj", "{5CA9AF6E-409E-467A-80B8-40CEB9899289}"
EndProject
Global
	GlobalSection(SolutionConfigurationPlatforms) = preSolution
		Debug|Any CPU = Debug|Any CPU
		Release|Any CPU = Release|Any CPU
	EndGlobalSection
	GlobalSection(ProjectConfigurationPlatforms) = postSolution
		{5CA9AF6E-409E-467A-80B8-40CEB9899289}.Debug|Any CPU.ActiveCfg = Debug|Any CPU
		{5CA9AF6E-409E-467A-80B8-40CEB9899289}.Debug|Any CPU.Build.0 = Debug|Any CPU
		{5CA9AF6E-409E-467A-80B8-40CEB9899289}.Release|Any CPU.ActiveCfg = Release|Any CPU
		{5CA9AF6E-409E-467A-80B8-40CEB9899289}.Release|Any CPU.Build.0 = Release|Any CPU
	EndGlobalSection
	GlobalSection(SolutionProperties) = preSolution
		HideSolutionNode = FALSE
	EndGlobalSection
	GlobalSection(ExtensibilityGlobals) = postSolution
		SolutionGuid = {AD07FDEB-269D-46EE-9D32-AA437C31BD51}
	EndGlobalSection
EndGlobal
